
Microsoft Visual Studio Solution File, Format Version 12.00
# Visual Studio 15
VisualStudioVersion = 15.0.27004.2006
MinimumVisualStudioVersion = 10.0.40219.1
Project("{9A19103F-16F7-4668-BE54-9A1E7A4F7556}") = "Ecc", "Ecc\Ecc.csproj", "{8A72E9C1-1A16-4020-B212-8A44ACEE14CF}"
EndProject
Project("{FAE04EC0-301F-11D3-BF4B-00C04F79EFBC}") = "Ecc.Tests", "Ecc.Tests\Ecc.Tests.csproj", "{43A632EF-3866-45C5-B25E-E1EAB8E0F237}"
EndProject
Global
	GlobalSection(SolutionConfigurationPlatforms) = preSolution
		Debug|Any CPU = Debug|Any CPU
		Release|Any CPU = Release|Any CPU
	EndGlobalSection
	GlobalSection(ProjectConfigurationPlatforms) = postSolution
		{8A72E9C1-1A16-4020-B212-8A44ACEE14CF}.Debug|Any CPU.ActiveCfg = Debug|Any CPU
		{8A72E9C1-1A16-4020-B212-8A44ACEE14CF}.Debug|Any CPU.Build.0 = Debug|Any CPU
		{8A72E9C1-1A16-4020-B212-8A44ACEE14CF}.Release|Any CPU.ActiveCfg = Release|Any CPU
		{8A72E9C1-1A16-4020-B212-8A44ACEE14CF}.Release|Any CPU.Build.0 = Release|Any CPU
		{43A632EF-3866-45C5-B25E-E1EAB8E0F237}.Debug|Any CPU.ActiveCfg = Debug|Any CPU
		{43A632EF-3866-45C5-B25E-E1EAB8E0F237}.Debug|Any CPU.Build.0 = Debug|Any CPU
		{43A632EF-3866-45C5-B25E-E1EAB8E0F237}.Release|Any CPU.ActiveCfg = Release|Any CPU
		{43A632EF-3866-45C5-B25E-E1EAB8E0F237}.Release|Any CPU.Build.0 = Release|Any CPU
	EndGlobalSection
	GlobalSection(SolutionProperties) = preSolution
		HideSolutionNode = FALSE
	EndGlobalSection
	GlobalSection(ExtensibilityGlobals) = postSolution
		SolutionGuid = {454B0F0B-C92B-4999-BCF2-FB8C3CCCDD34}
	EndGlobalSection
EndGlobal
